// !$*UTF8*$!
{
	archiveVersion = 1;
	classes = {
	};
	objectVersion = 56;
	objects = {

/* Begin PBXBuildFile section */
		7B9F0F2F2AE6639500A54C1D /* AppDelegate.swift in Sources */ = {isa = PBXBuildFile; fileRef = 7B9F0F2E2AE6639500A54C1D /* AppDelegate.swift */; };
		7B9F0F312AE6639500A54C1D /* SceneDelegate.swift in Sources */ = {isa = PBXBuildFile; fileRef = 7B9F0F302AE6639500A54C1D /* SceneDelegate.swift */; };
		7B9F0F332AE6639600A54C1D /* ViewController.swift in Sources */ = {isa = PBXBuildFile; fileRef = 7B9F0F322AE6639600A54C1D /* ViewController.swift */; };
		7B9F0F362AE6639600A54C1D /* Main.storyboard in Resources */ = {isa = PBXBuildFile; fileRef = 7B9F0F342AE6639600A54C1D /* Main.storyboard */; };
		7B9F0F382AE663A800A54C1D /* Assets.xcassets in Resources */ = {isa = PBXBuildFile; fileRef = 7B9F0F372AE663A800A54C1D /* Assets.xcassets */; };
		7B9F0F3B2AE663A800A54C1D /* LaunchScreen.storyboard in Resources */ = {isa = PBXBuildFile; fileRef = 7B9F0F392AE663A800A54C1D /* LaunchScreen.storyboard */; };
		7BB160612AE672C2009092A0 /* taskone.storyboard in Resources */ = {isa = PBXBuildFile; fileRef = 7BB160602AE672C2009092A0 /* taskone.storyboard */; };
		7BB160632AE67308009092A0 /* taskoneViewController.swift in Sources */ = {isa = PBXBuildFile; fileRef = 7BB160622AE67308009092A0 /* taskoneViewController.swift */; };
		7BB160662AE680AB009092A0 /* celsius.storyboard in Resources */ = {isa = PBXBuildFile; fileRef = 7BB160652AE680AB009092A0 /* celsius.storyboard */; };
		7BB160682AE680E9009092A0 /* celsiusViewController.swift in Sources */ = {isa = PBXBuildFile; fileRef = 7BB160672AE680E9009092A0 /* celsiusViewController.swift */; };
/* End PBXBuildFile section */

/* Begin PBXFileReference section */
		7B9F0F2B2AE6639500A54C1D /* firsttask.app */ = {isa = PBXFileReference; explicitFileType = wrapper.application; includeInIndex = 0; path = firsttask.app; sourceTree = BUILT_PRODUCTS_DIR; };
		7B9F0F2E2AE6639500A54C1D /* AppDelegate.swift */ = {isa = PBXFileReference; lastKnownFileType = sourcecode.swift; path = AppDelegate.swift; sourceTree = "<group>"; };
		7B9F0F302AE6639500A54C1D /* SceneDelegate.swift */ = {isa = PBXFileReference; lastKnownFileType = sourcecode.swift; path = SceneDelegate.swift; sourceTree = "<group>"; };
		7B9F0F322AE6639600A54C1D /* ViewController.swift */ = {isa = PBXFileReference; lastKnownFileType = sourcecode.swift; path = ViewController.swift; sourceTree = "<group>"; };
		7B9F0F352AE6639600A54C1D /* Base */ = {isa = PBXFileReference; lastKnownFileType = file.storyboard; name = Base; path = Base.lproj/Main.storyboard; sourceTree = "<group>"; };
		7B9F0F372AE663A800A54C1D /* Assets.xcassets */ = {isa = PBXFileReference; lastKnownFileType = folder.assetcatalog; path = Assets.xcassets; sourceTree = "<group>"; };
		7B9F0F3A2AE663A800A54C1D /* Base */ = {isa = PBXFileReference; lastKnownFileType = file.storyboard; name = Base; path = Base.lproj/LaunchScreen.storyboard; sourceTree = "<group>"; };
		7B9F0F3C2AE663A800A54C1D /* Info.plist */ = {isa = PBXFileReference; lastKnownFileType = text.plist.xml; path = Info.plist; sourceTree = "<group>"; };
		7BB160602AE672C2009092A0 /* taskone.storyboard */ = {isa = PBXFileReference; lastKnownFileType = file.storyboard; path = taskone.storyboard; sourceTree = "<group>"; };
		7BB160622AE67308009092A0 /* taskoneViewController.swift */ = {isa = PBXFileReference; lastKnownFileType = sourcecode.swift; path = taskoneViewController.swift; sourceTree = "<group>"; };
		7BB160652AE680AB009092A0 /* celsius.storyboard */ = {isa = PBXFileReference; lastKnownFileType = file.storyboard; path = celsius.storyboard; sourceTree = "<group>"; };
		7BB160672AE680E9009092A0 /* celsiusViewController.swift */ = {isa = PBXFileReference; lastKnownFileType = sourcecode.swift; path = celsiusViewController.swift; sourceTree = "<group>"; };
/* End PBXFileReference section */

/* Begin PBXFrameworksBuildPhase section */
		7B9F0F282AE6639500A54C1D /* Frameworks */ = {
			isa = PBXFrameworksBuildPhase;
			buildActionMask = 2147483647;
			files = (
			);
			runOnlyForDeploymentPostprocessing = 0;
		};
/* End PBXFrameworksBuildPhase section */

/* Begin PBXGroup section */
		7B9F0F222AE6639400A54C1D = {
			isa = PBXGroup;
			children = (
				7B9F0F2D2AE6639500A54C1D /* firsttask */,
				7B9F0F2C2AE6639500A54C1D /* Products */,
			);
			sourceTree = "<group>";
		};
		7B9F0F2C2AE6639500A54C1D /* Products */ = {
			isa = PBXGroup;
			children = (
				7B9F0F2B2AE6639500A54C1D /* firsttask.app */,
			);
			name = Products;
			sourceTree = "<group>";
		};
		7B9F0F2D2AE6639500A54C1D /* firsttask */ = {
			isa = PBXGroup;
			children = (
				7BB160642AE6803E009092A0 /* Tasktwodaytwo */,
				7BB1605F2AE6727D009092A0 /* New Group */,
				7B9F0F2E2AE6639500A54C1D /* AppDelegate.swift */,
				7B9F0F302AE6639500A54C1D /* SceneDelegate.swift */,
				7B9F0F322AE6639600A54C1D /* ViewController.swift */,
				7B9F0F342AE6639600A54C1D /* Main.storyboard */,
				7B9F0F372AE663A800A54C1D /* Assets.xcassets */,
				7B9F0F392AE663A800A54C1D /* LaunchScreen.storyboard */,
				7B9F0F3C2AE663A800A54C1D /* Info.plist */,
			);
			path = firsttask;
			sourceTree = "<group>";
		};
		7BB1605F2AE6727D009092A0 /* New Group */ = {
			isa = PBXGroup;
			children = (
				7BB160602AE672C2009092A0 /* taskone.storyboard */,
				7BB160622AE67308009092A0 /* taskoneViewController.swift */,
			);
			path = "New Group";
			sourceTree = "<group>";
		};
		7BB160642AE6803E009092A0 /* Tasktwodaytwo */ = {
			isa = PBXGroup;
			children = (
				7BB160652AE680AB009092A0 /* celsius.storyboard */,
				7BB160672AE680E9009092A0 /* celsiusViewController.swift */,
			);
			path = Tasktwodaytwo;
			sourceTree = "<group>";
		};
/* End PBXGroup section */

/* Begin PBXNativeTarget section */
		7B9F0F2A2AE6639500A54C1D /* firsttask */ = {
			isa = PBXNativeTarget;
			buildConfigurationList = 7B9F0F3F2AE663A800A54C1D /* Build configuration list for PBXNativeTarget "firsttask" */;
			buildPhases = (
				7B9F0F272AE6639500A54C1D /* Sources */,
				7B9F0F282AE6639500A54C1D /* Frameworks */,
				7B9F0F292AE6639500A54C1D /* Resources */,
			);
			buildRules = (
			);
			dependencies = (
			);
			name = firsttask;
			productName = firsttask;
			productReference = 7B9F0F2B2AE6639500A54C1D /* firsttask.app */;
			productType = "com.apple.product-type.application";
		};
/* End PBXNativeTarget section */

/* Begin PBXProject section */
		7B9F0F232AE6639400A54C1D /* Project object */ = {
			isa = PBXProject;
			attributes = {
				BuildIndependentTargetsInParallel = 1;
				LastSwiftUpdateCheck = 1420;
				LastUpgradeCheck = 1420;
				TargetAttributes = {
					7B9F0F2A2AE6639500A54C1D = {
						CreatedOnToolsVersion = 14.2;
					};
				};
			};
			buildConfigurationList = 7B9F0F262AE6639400A54C1D /* Build configuration list for PBXProject "firsttask" */;
			compatibilityVersion = "Xcode 14.0";
			developmentRegion = en;
			hasScannedForEncodings = 0;
			knownRegions = (
				en,
				Base,
			);
			mainGroup = 7B9F0F222AE6639400A54C1D;
			productRefGroup = 7B9F0F2C2AE6639500A54C1D /* Products */;
			projectDirPath = "";
			projectRoot = "";
			targets = (
				7B9F0F2A2AE6639500A54C1D /* firsttask */,
			);
		};
/* End PBXProject section */

/* Begin PBXResourcesBuildPhase section */
		7B9F0F292AE6639500A54C1D /* Resources */ = {
			isa = PBXResourcesBuildPhase;
			buildActionMask = 2147483647;
			files = (
				7B9F0F3B2AE663A800A54C1D /* LaunchScreen.storyboard in Resources */,
				7BB160662AE680AB009092A0 /* celsius.storyboard in Resources */,
				7B9F0F382AE663A800A54C1D /* Assets.xcassets in Resources */,
				7BB160612AE672C2009092A0 /* taskone.storyboard in Resources */,
				7B9F0F362AE6639600A54C1D /* Main.storyboard in Resources */,
			);
			runOnlyForDeploymentPostprocessing = 0;
		};
/* End PBXResourcesBuildPhase section */

/* Begin PBXSourcesBuildPhase section */
		7B9F0F272AE6639500A54C1D /* Sources */ = {
			isa = PBXSourcesBuildPhase;
			buildActionMask = 2147483647;
			files = (
				7B9F0F332AE6639600A54C1D /* ViewController.swift in Sources */,
				7B9F0F2F2AE6639500A54C1D /* AppDelegate.swift in Sources */,
				7BB160682AE680E9009092A0 /* celsiusViewController.swift in Sources */,
				7BB160632AE67308009092A0 /* taskoneViewController.swift in Sources */,
				7B9F0F312AE6639500A54C1D /* SceneDelegate.swift in Sources */,
			);
			runOnlyForDeploymentPostprocessing = 0;
		};
/* End PBXSourcesBuildPhase section */

/* Begin PBXVariantGroup section */
		7B9F0F342AE6639600A54C1D /* Main.storyboard */ = {
			isa = PBXVariantGroup;
			children = (
				7B9F0F352AE6639600A54C1D /* Base */,
			);
			name = Main.storyboard;
			sourceTree = "<group>";
		};
		7B9F0F392AE663A800A54C1D /* LaunchScreen.storyboard */ = {
			isa = PBXVariantGroup;
			children = (
				7B9F0F3A2AE663A800A54C1D /* Base */,
			);
			name = LaunchScreen.storyboard;
			sourceTree = "<group>";
		};
/* End PBXVariantGroup section */

/* Begin XCBuildConfiguration section */
		7B9F0F3D2AE663A800A54C1D /* Debug */ = {
			isa = XCBuildConfiguration;
			buildSettings = {
				ALWAYS_SEARCH_USER_PATHS = NO;
				CLANG_ANALYZER_NONNULL = YES;
				CLANG_ANALYZER_NUMBER_OBJECT_CONVERSION = YES_AGGRESSIVE;
				CLANG_CXX_LANGUAGE_STANDARD = "gnu++20";
				CLANG_ENABLE_MODULES = YES;
				CLANG_ENABLE_OBJC_ARC = YES;
				CLANG_ENABLE_OBJC_WEAK = YES;
				CLANG_WARN_BLOCK_CAPTURE_AUTORELEASING = YES;
				CLANG_WARN_BOOL_CONVERSION = YES;
				CLANG_WARN_COMMA = YES;
				CLANG_WARN_CONSTANT_CONVERSION = YES;
				CLANG_WARN_DEPRECATED_OBJC_IMPLEMENTATIONS = YES;
				CLANG_WARN_DIRECT_OBJC_ISA_USAGE = YES_ERROR;
				CLANG_WARN_DOCUMENTATION_COMMENTS = YES;
				CLANG_WARN_EMPTY_BODY = YES;
				CLANG_WARN_ENUM_CONVERSION = YES;
				CLANG_WARN_INFINITE_RECURSION = YES;
				CLANG_WARN_INT_CONVERSION = YES;
				CLANG_WARN_NON_LITERAL_NULL_CONVERSION = YES;
				CLANG_WARN_OBJC_IMPLICIT_RETAIN_SELF = YES;
				CLANG_WARN_OBJC_LITERAL_CONVERSION = YES;
				CLANG_WARN_OBJC_ROOT_CLASS = YES_ERROR;
				CLANG_WARN_QUOTED_INCLUDE_IN_FRAMEWORK_HEADER = YES;
				CLANG_WARN_RANGE_LOOP_ANALYSIS = YES;
				CLANG_WARN_STRICT_PROTOTYPES = YES;
				CLANG_WARN_SUSPICIOUS_MOVE = YES;
				CLANG_WARN_UNGUARDED_AVAILABILITY = YES_AGGRESSIVE;
				CLANG_WARN_UNREACHABLE_CODE = YES;
				CLANG_WARN__DUPLICATE_METHOD_MATCH = YES;
				COPY_PHASE_STRIP = NO;
				DEBUG_INFORMATION_FORMAT = dwarf;
				ENABLE_STRICT_OBJC_MSGSEND = YES;
				ENABLE_TESTABILITY = YES;
				GCC_C_LANGUAGE_STANDARD = gnu11;
				GCC_DYNAMIC_NO_PIC = NO;
				GCC_NO_COMMON_BLOCKS = YES;
				GCC_OPTIMIZATION_LEVEL = 0;
				GCC_PREPROCESSOR_DEFINITIONS = (
					"DEBUG=1",
					"$(inherited)",
				);
				GCC_WARN_64_TO_32_BIT_CONVERSION = YES;
				GCC_WARN_ABOUT_RETURN_TYPE = YES_ERROR;
				GCC_WARN_UNDECLARED_SELECTOR = YES;
				GCC_WARN_UNINITIALIZED_AUTOS = YES_AGGRESSIVE;
				GCC_WARN_UNUSED_FUNCTION = YES;
				GCC_WARN_UNUSED_VARIABLE = YES;
				IPHONEOS_DEPLOYMENT_TARGET = 16.2;
				MTL_ENABLE_DEBUG_INFO = INCLUDE_SOURCE;
				MTL_FAST_MATH = YES;
				ONLY_ACTIVE_ARCH = YES;
				SDKROOT = iphoneos;
				SWIFT_ACTIVE_COMPILATION_CONDITIONS = DEBUG;
				SWIFT_OPTIMIZATION_LEVEL = "-Onone";
			};
			name = Debug;
		};
		7B9F0F3E2AE663A800A54C1D /* Release */ = {
			isa = XCBuildConfiguration;
			buildSettings = {
				ALWAYS_SEARCH_USER_PATHS = NO;
				CLANG_ANALYZER_NONNULL = YES;
				CLANG_ANALYZER_NUMBER_OBJECT_CONVERSION = YES_AGGRESSIVE;
				CLANG_CXX_LANGUAGE_STANDARD = "gnu++20";
				CLANG_ENABLE_MODULES = YES;
				CLANG_ENABLE_OBJC_ARC = YES;
				CLANG_ENABLE_OBJC_WEAK = YES;
				CLANG_WARN_BLOCK_CAPTURE_AUTORELEASING = YES;
				CLANG_WARN_BOOL_CONVERSION = YES;
				CLANG_WARN_COMMA = YES;
				CLANG_WARN_CONSTANT_CONVERSION = YES;
				CLANG_WARN_DEPRECATED_OBJC_IMPLEMENTATIONS = YES;
				CLANG_WARN_DIRECT_OBJC_ISA_USAGE = YES_ERROR;
				CLANG_WARN_DOCUMENTATION_COMMENTS = YES;
				CLANG_WARN_EMPTY_BODY = YES;
				CLANG_WARN_ENUM_CONVERSION = YES;
				CLANG_WARN_INFINITE_RECURSION = YES;
				CLANG_WARN_INT_CONVERSION = YES;
				CLANG_WARN_NON_LITERAL_NULL_CONVERSION = YES;
				CLANG_WARN_OBJC_IMPLICIT_RETAIN_SELF = YES;
				CLANG_WARN_OBJC_LITERAL_CONVERSION = YES;
				CLANG_WARN_OBJC_ROOT_CLASS = YES_ERROR;
				CLANG_WARN_QUOTED_INCLUDE_IN_FRAMEWORK_HEADER = YES;
				CLANG_WARN_RANGE_LOOP_ANALYSIS = YES;
				CLANG_WARN_STRICT_PROTOTYPES = YES;
				CLANG_WARN_SUSPICIOUS_MOVE = YES;
				CLANG_WARN_UNGUARDED_AVAILABILITY = YES_AGGRESSIVE;
				CLANG_WARN_UNREACHABLE_CODE = YES;
				CLANG_WARN__DUPLICATE_METHOD_MATCH = YES;
				COPY_PHASE_STRIP = NO;
				DEBUG_INFORMATION_FORMAT = "dwarf-with-dsym";
				ENABLE_NS_ASSERTIONS = NO;
				ENABLE_STRICT_OBJC_MSGSEND = YES;
				GCC_C_LANGUAGE_STANDARD = gnu11;
				GCC_NO_COMMON_BLOCKS = YES;
				GCC_WARN_64_TO_32_BIT_CONVERSION = YES;
				GCC_WARN_ABOUT_RETURN_TYPE = YES_ERROR;
				GCC_WARN_UNDECLARED_SELECTOR = YES;
				GCC_WARN_UNINITIALIZED_AUTOS = YES_AGGRESSIVE;
				GCC_WARN_UNUSED_FUNCTION = YES;
				GCC_WARN_UNUSED_VARIABLE = YES;
				IPHONEOS_DEPLOYMENT_TARGET = 16.2;
				MTL_ENABLE_DEBUG_INFO = NO;
				MTL_FAST_MATH = YES;
				SDKROOT = iphoneos;
				SWIFT_COMPILATION_MODE = wholemodule;
				SWIFT_OPTIMIZATION_LEVEL = "-O";
				VALIDATE_PRODUCT = YES;
			};
			name = Release;
		};
		7B9F0F402AE663A800A54C1D /* Debug */ = {
			isa = XCBuildConfiguration;
			buildSettings = {
				ASSETCATALOG_COMPILER_APPICON_NAME = AppIcon;
				ASSETCATALOG_COMPILER_GLOBAL_ACCENT_COLOR_NAME = AccentColor;
				CODE_SIGN_STYLE = Automatic;
				CURRENT_PROJECT_VERSION = 1;
				DEVELOPMENT_TEAM = 346Q44X4XP;
				GENERATE_INFOPLIST_FILE = YES;
				INFOPLIST_FILE = firsttask/Info.plist;
				INFOPLIST_KEY_UIApplicationSupportsIndirectInputEvents = YES;
				INFOPLIST_KEY_UILaunchStoryboardName = LaunchScreen;
				INFOPLIST_KEY_UIMainStoryboardFile = Main;
				INFOPLIST_KEY_UISupportedInterfaceOrientations_iPad = "UIInterfaceOrientationPortrait UIInterfaceOrientationPortraitUpsideDown UIInterfaceOrientationLandscapeLeft UIInterfaceOrientationLandscapeRight";
				INFOPLIST_KEY_UISupportedInterfaceOrientations_iPhone = "UIInterfaceOrientationPortrait UIInterfaceOrientationLandscapeLeft UIInterfaceOrientationLandscapeRight";
				LD_RUNPATH_SEARCH_PATHS = (
					"$(inherited)",
					"@executable_path/Frameworks",
				);
				MARKETING_VERSION = 1.0;
				PRODUCT_BUNDLE_IDENTIFIER = twoB.firsttask;
				PRODUCT_NAME = "$(TARGET_NAME)";
				SWIFT_EMIT_LOC_STRINGS = YES;
				SWIFT_VERSION = 5.0;
				TARGETED_DEVICE_FAMILY = "1,2";
			};
			name = Debug;
		};
		7B9F0F412AE663A800A54C1D /* Release */ = {
			isa = XCBuildConfiguration;
			buildSettings = {
				ASSETCATALOG_COMPILER_APPICON_NAME = AppIcon;
				ASSETCATALOG_COMPILER_GLOBAL_ACCENT_COLOR_NAME = AccentColor;
				CODE_SIGN_STYLE = Automatic;
				CURRENT_PROJECT_VERSION = 1;
				DEVELOPMENT_TEAM = 346Q44X4XP;
				GENERATE_INFOPLIST_FILE = YES;
				INFOPLIST_FILE = firsttask/Info.plist;
				INFOPLIST_KEY_UIApplicationSupportsIndirectInputEvents = YES;
				INFOPLIST_KEY_UILaunchStoryboardName = LaunchScreen;
				INFOPLIST_KEY_UIMainStoryboardFile = Main;
				INFOPLIST_KEY_UISupportedInterfaceOrientations_iPad = "UIInterfaceOrientationPortrait UIInterfaceOrientationPortraitUpsideDown UIInterfaceOrientationLandscapeLeft UIInterfaceOrientationLandscapeRight";
				INFOPLIST_KEY_UISupportedInterfaceOrientations_iPhone = "UIInterfaceOrientationPortrait UIInterfaceOrientationLandscapeLeft UIInterfaceOrientationLandscapeRight";
				LD_RUNPATH_SEARCH_PATHS = (
					"$(inherited)",
					"@executable_path/Frameworks",
				);
				MARKETING_VERSION = 1.0;
				PRODUCT_BUNDLE_IDENTIFIER = twoB.firsttask;
				PRODUCT_NAME = "$(TARGET_NAME)";
				SWIFT_EMIT_LOC_STRINGS = YES;
				SWIFT_VERSION = 5.0;
				TARGETED_DEVICE_FAMILY = "1,2";
			};
			name = Release;
		};
/* End XCBuildConfiguration section */

/* Begin XCConfigurationList section */
		7B9F0F262AE6639400A54C1D /* Build configuration list for PBXProject "firsttask" */ = {
			isa = XCConfigurationList;
			buildConfigurations = (
				7B9F0F3D2AE663A800A54C1D /* Debug */,
				7B9F0F3E2AE663A800A54C1D /* Release */,
			);
			defaultConfigurationIsVisible = 0;
			defaultConfigurationName = Release;
		};
		7B9F0F3F2AE663A800A54C1D /* Build configuration list for PBXNativeTarget "firsttask" */ = {
			isa = XCConfigurationList;
			buildConfigurations = (
				7B9F0F402AE663A800A54C1D /* Debug */,
				7B9F0F412AE663A800A54C1D /* Release */,
			);
			defaultConfigurationIsVisible = 0;
			defaultConfigurationName = Release;
		};
/* End XCConfigurationList section */
	};
	rootObject = 7B9F0F232AE6639400A54C1D /* Project object */;
}
